version = 1
revision = 3
requires-python = ">=3.11"

[[package]]
name = "google-re2"
version = "1.1"
source = { registry = "https://pypi.org/simple" }
sdist = { url = "https://files.pythonhosted.org/packages/72/25/1ccd5bae6a1030af8b0d2fec1bfa56502b6254ba457da7297168d593acd5/google-re2-1.1.tar.gz", hash = "sha256:d3a9467ee52b46ac77ca928f6d0cbeaccfd92f03ca0f0f65b9df6a95184f3a1c", size = 10449, upload-time = "2023-07-31T16:03:09.061Z" }
wheels = [
    { url = "https://files.pythonhosted.org/packages/2b/31/2ccc2af8258f60817ff8212de064a9f4ccccadf55909e12759159795c818/google_re2-1.1-1-cp311-cp311-macosx_11_0_arm64.whl", hash = "sha256:a2d03f6aaf22788ba13a770f0d183b8eebe55545bcbb6e4c41dcccac7ded014d", size = 432010, upload-time = "2023-07-31T16:02:18.457Z" },
    { url = "https://files.pythonhosted.org/packages/64/96/7f2f875354492def9778933e34c6d83e9bd46f2ca59eec9b8d6ee742857c/google_re2-1.1-1-cp311-cp311-macosx_11_0_x86_64.whl", hash = "sha256:a98f15fd9c31bf80d368698447191a2e9703880b305dbf34d9a63ce634b8a557", size = 456571, upload-time = "2023-07-31T16:02:19.609Z" },
    { url = "https://files.pythonhosted.org/packages/c3/f6/1394698d107279ae7a7ca7ee7e8accada55046c48cb64af78c83e06af31f/google_re2-1.1-1-cp311-cp311-macosx_12_0_arm64.whl", hash = "sha256:42128916cc2966623832aabbd224c88e862d1c531d6bc49ab141f565e6321a90", size = 425348, upload-time = "2023-07-31T16:02:20.814Z" },
    { url = "https://files.pythonhosted.org/packages/f3/86/f75801f1c6c54a8fb84e5ea9fa1edef65c4986ab71bf9a31d8afeb276f61/google_re2-1.1-1-cp311-cp311-macosx_12_0_x86_64.whl", hash = "sha256:6e27986a166903ad7000635f6faed8ab5072d687f822ac9f692c40b2470aebcf", size = 452282, upload-time = "2023-07-31T16:02:22.01Z" },
    { url = "https://files.pythonhosted.org/packages/3c/35/1ed2506053b965ff1b2591c8f8e1467c2f445e9eacaa1a480082c4f88689/google_re2-1.1-1-cp311-cp311-macosx_13_0_arm64.whl", hash = "sha256:5e9edcd743a830d0c0b2729201e42ab86fceef8f4086df65563f482e4544359e", size = 425345, upload-time = "2023-07-31T16:02:23.19Z" },
    { url = "https://files.pythonhosted.org/packages/db/13/145086546b50cbfcba1e6720efad77fa1d7df7df400c1320ce68f4237336/google_re2-1.1-1-cp311-cp311-macosx_13_0_x86_64.whl", hash = "sha256:d33145bbfd32e916f1c911cd9225be5364a36c3959742a0cc4dfc0692d6a2a5e", size = 452284, upload-time = "2023-07-31T16:02:24.404Z" },
    { url = "https://files.pythonhosted.org/packages/fd/47/e5c119132f7ad5bfae07fa32c0e1a1797773a36573abada5b557da20f964/google_re2-1.1-1-cp311-cp311-manylinux2014_aarch64.manylinux_2_17_aarch64.whl", hash = "sha256:8b27cc2544b69a357ab2a749dc0c13a1b9055198c56f4c2c3b0f61d693f8e203", size = 518930, upload-time = "2023-07-31T16:02:25.727Z" },
    { url = "https://files.pythonhosted.org/packages/ab/f3/1bc3d87079839def63250f831622db0f2426b5d05c430f37336eefa93b23/google_re2-1.1-1-cp311-cp311-manylinux2014_x86_64.manylinux_2_17_x86_64.whl", hash = "sha256:3cdf8982b6def987e95b37984d0c1c878de32635dd78acde3273f730b69708c9", size = 520562, upload-time = "2023-07-31T16:02:26.867Z" },
    { url = "https://files.pythonhosted.org/packages/fd/d3/9bc68171de44c4143b0f1b7c06fd7125d1e11439186595ff91b76710071a/google_re2-1.1-1-cp311-cp311-manylinux_2_24_aarch64.manylinux_2_28_aarch64.whl", hash = "sha256:71ac661a7365e134741fe5542f13d7ce1e6187446b96ddee4c8b7d153fc8f05a", size = 505380, upload-time = "2023-07-31T16:02:28.582Z" },
    { url = "https://files.pythonhosted.org/packages/6d/6c/8761a6d3eb016bda1a6aaf983cb8cd6879bae3ed91e4c40d8fd67df42f6c/google_re2-1.1-1-cp311-cp311-manylinux_2_24_x86_64.manylinux_2_28_x86_64.whl", hash = "sha256:35a902ba31a71a3e9e114e44473624d9aa9f9b85ec981bfa91671aefe0ef1a6c", size = 511982, upload-time = "2023-07-31T16:02:29.722Z" },
    { url = "https://files.pythonhosted.org/packages/5e/62/251143bbeb8c82f2402cd8126fa91f30dfb564068b086b36ce3259385e5c/google_re2-1.1-1-cp311-cp311-win32.whl", hash = "sha256:9469f26b485da2784c658e687a766c72e1a17b1e63b3ed24b5f64c3d19fbae3d", size = 398468, upload-time = "2023-07-31T16:02:31.355Z" },
    { url = "https://files.pythonhosted.org/packages/ed/da/315fa37099fa06e146a255da864b46ba8980100403b9eb443aaffe08ab59/google_re2-1.1-1-cp311-cp311-win_amd64.whl", hash = "sha256:07dd0780240ee431781119b46c3bbf76f5cef24a2cbb542f6a08c643e0a68d98", size = 476830, upload-time = "2023-07-31T16:02:32.781Z" },
    { url = "https://files.pythonhosted.org/packages/24/c6/c2144f8c334117a65167ee192c51a49d689b6fa86111e20e475c6faf421a/google_re2-1.1-2-cp311-cp311-macosx_11_0_arm64.whl", hash = "sha256:d5a87b436028ec9b0f02fe19d4cbc19ef30441085cdfcdf1cce8fbe5c4bd5e9a", size = 433170, upload-time = "2023-08-31T18:03:18.41Z" },
    { url = "https://files.pythonhosted.org/packages/38/9b/d1790c13e8990ee53d21d02395018b4c5087b2a817d43722a428eca101c7/google_re2-1.1-2-cp311-cp311-macosx_11_0_x86_64.whl", hash = "sha256:fc0d4163de9ed2155a77e7a2d59d94c348a6bbab3cff88922fab9e0d3d24faec", size = 457269, upload-time = "2023-08-31T18:03:20.154Z" },
    { url = "https://files.pythonhosted.org/packages/ac/70/cdf75c36974672e2ad1246ce25f44349988a19245d65f0c2194f328b2201/google_re2-1.1-2-cp311-cp311-macosx_12_0_arm64.whl", hash = "sha256:48b12d953bc796736e7831d67b36892fb6419a4cc44cb16521fe291e594bfe23", size = 426278, upload-time = "2023-08-31T18:03:21.682Z" },
    { url = "https://files.pythonhosted.org/packages/cb/ff/1ebfbd59240c6d499c945ea6a78ae99940198afcf5378d33fb0f93653f95/google_re2-1.1-2-cp311-cp311-macosx_12_0_x86_64.whl", hash = "sha256:62c780c927cff98c1538439f0ff616f48a9b2e8837c676f53170d8ae5b9e83cb", size = 453199, upload-time = "2023-08-31T18:03:23.168Z" },
    { url = "https://files.pythonhosted.org/packages/51/1e/6e5bf90033535ca03f280fac55257a4ce0b7be83e1d10ebbf648cb5092b2/google_re2-1.1-2-cp311-cp311-macosx_13_0_arm64.whl", hash = "sha256:04b2aefd768aa4edeef8b273327806c9cb0b82e90ff52eacf5d11003ac7a0db2", size = 426279, upload-time = "2023-08-31T18:03:24.718Z" },
    { url = "https://files.pythonhosted.org/packages/b3/12/2fb2b910797f39e5d99d167c087714f4816f3259b3cce520db54573f06f9/google_re2-1.1-2-cp311-cp311-macosx_13_0_x86_64.whl", hash = "sha256:9c90175992346519ee7546d9af9a64541c05b6b70346b0ddc54a48aa0d3b6554", size = 453200, upload-time = "2023-08-31T18:03:26.301Z" },
    { url = "https://files.pythonhosted.org/packages/46/06/adc00b7af1b5ed6b2f1a5af96f85f517853b958c394f2b78be3055225014/google_re2-1.1-2-cp311-cp311-manylinux2014_aarch64.manylinux_2_17_aarch64.whl", hash = "sha256:22ad9ad9d125249d6386a2e80efb9de7af8260b703b6be7fa0ab069c1cf56ced", size = 520377, upload-time = "2023-08-31T18:03:28.041Z" },
    { url = "https://files.pythonhosted.org/packages/4a/1c/33d1b8c2c4321fbe5a662e6f23446fe5e93202fc6cc39cd833861b537f50/google_re2-1.1-2-cp311-cp311-manylinux2014_x86_64.manylinux_2_17_x86_64.whl", hash = "sha256:f70971f6ffe5254e476e71d449089917f50ebf9cf60f9cec80975ab1693777e2", size = 521626, upload-time = "2023-08-31T18:03:30.329Z" },
    { url = "https://files.pythonhosted.org/packages/ce/58/0a3ccedd1b78531ddf32111f020f9976be7bd6524ea99dd596f90e3066d1/google_re2-1.1-2-cp311-cp311-manylinux_2_24_aarch64.manylinux_2_28_aarch64.whl", hash = "sha256:f267499529e64a4abed24c588f355ebe4700189d434d84a7367725f5a186e48d", size = 506663, upload-time = "2023-08-31T18:03:32.414Z" },
    { url = "https://files.pythonhosted.org/packages/ac/92/5336df50c62dd741ab7236a15613a3c236f2069b6602885c0682f8b455c5/google_re2-1.1-2-cp311-cp311-manylinux_2_24_x86_64.manylinux_2_28_x86_64.whl", hash = "sha256:b632eff5e4cd44545a9c0e52f2e1becd55831e25f4dd4e0d7ec8ee6ca50858c1", size = 513192, upload-time = "2023-08-31T18:03:34.444Z" },
    { url = "https://files.pythonhosted.org/packages/42/aa/a5e0e4acfe916662014a211a2e6222a1c5f46fb62900715b3c91c888d6d4/google_re2-1.1-2-cp311-cp311-win32.whl", hash = "sha256:a42c733036e8f242ee4e5f0e27153ad4ca44ced9e4ce82f3972938ddee528db0", size = 398547, upload-time = "2023-08-31T18:03:35.987Z" },
    { url = "https://files.pythonhosted.org/packages/c1/0e/cb9a5f50dab02181e8749c1967951cef62860ba707cfcbdfcc5410c31b06/google_re2-1.1-2-cp311-cp311-win_amd64.whl", hash = "sha256:64f8eed4ca96905d99b5286b3d14b5ca4f6a025ff3c1351626a7df2f93ad1ddd", size = 477216, upload-time = "2023-08-31T18:03:37.592Z" },
    { url = "https://files.pythonhosted.org/packages/6c/d7/c5560fbffe395c96a171c433e8575ab6e6b867c5adb692b09c42ea99b0b8/google_re2-1.1-3-cp311-cp311-macosx_11_0_arm64.whl", hash = "sha256:7c39ff52b1765db039f690ee5b7b23919d8535aae94db7996079fbde0098c4d7", size = 432888, upload-time = "2023-11-08T13:05:54.72Z" },
    { url = "https://files.pythonhosted.org/packages/72/2e/a0057757a47863f8db1845556387d9cc472c2f1ae763053a25d6d0193b01/google_re2-1.1-3-cp311-cp311-macosx_11_0_x86_64.whl", hash = "sha256:5420be674fd164041639ba4c825450f3d4bd635572acdde16b3dcd697f8aa3ef", size = 457053, upload-time = "2023-11-08T13:05:56.576Z" },
    { url = "https://files.pythonhosted.org/packages/5e/a7/46c125ddb56cbda03f96ec5861b257498479dca8c39c80ef2b38ef620d81/google_re2-1.1-3-cp311-cp311-macosx_12_0_arm64.whl", hash = "sha256:ff53881cf1ce040f102a42d39db93c3f835f522337ae9c79839a842f26d97733", size = 426091, upload-time = "2023-11-08T13:05:58.385Z" },
    { url = "https://files.pythonhosted.org/packages/12/4e/c890b788365bfb40b48cd15f2f3812fb9ced2626bf47827159f97386f994/google_re2-1.1-3-cp311-cp311-macosx_12_0_x86_64.whl", hash = "sha256:8d04600b0b53523118df2e413a71417c408f20dee640bf07dfab601c96a18a77", size = 452811, upload-time = "2023-11-08T13:06:00.136Z" },
    { url = "https://files.pythonhosted.org/packages/91/1a/224afd2cbd0bf0650d9a7e8c0349c7fdd4a0d7ff8f7dc27f3f8a1ba92d2d/google_re2-1.1-3-cp311-cp311-macosx_13_0_arm64.whl", hash = "sha256:c4835d4849faa34a7fa1074098d81c420ed6c0707a3772482b02ce14f2a7c007", size = 424334, upload-time = "2023-11-08T13:06:02.074Z" },
    { url = "https://files.pythonhosted.org/packages/47/c4/c40ae01b38532e0a5cf356baf0d2a626f7e3186a9c81f98146946b0df83c/google_re2-1.1-3-cp311-cp311-macosx_13_0_x86_64.whl", hash = "sha256:3309a9b81251d35fee15974d0ae0581a9a375266deeafdc3a3ac0d172a742357", size = 448392, upload-time = "2023-11-08T13:06:03.765Z" },
    { url = "https://files.pythonhosted.org/packages/e7/07/57fe2a086caff2e6fe8042273b2d77b9d17f7fdddefd9cf158d69ef3a11c/google_re2-1.1-3-cp311-cp311-manylinux2014_aarch64.manylinux_2_17_aarch64.whl", hash = "sha256:e2b51cafee7e0bc72d0a4a454547bd8f257cde412ac9f1a2dc46a203b5e42cf4", size = 519744, upload-time = "2023-11-08T13:06:05.818Z" },
    { url = "https://files.pythonhosted.org/packages/9d/7a/ca0f2ed0f8d7cad67d1b5ab703a401b4b0536cd62e259b31e3d051201869/google_re2-1.1-3-cp311-cp311-manylinux2014_x86_64.manylinux_2_17_x86_64.whl", hash = "sha256:83f5f1cb52f832c2297d271ee8c56cf5e9053448162e5d2223d513f729bad908", size = 521643, upload-time = "2023-11-08T13:06:08.071Z" },
    { url = "https://files.pythonhosted.org/packages/62/87/d429c0df99c8053408661b88f651022d0cf6d9cd2e994e18363f0b9f5777/google_re2-1.1-3-cp311-cp311-manylinux_2_24_aarch64.manylinux_2_28_aarch64.whl", hash = "sha256:55865a1ace92be3f7953b2e2b38b901d8074a367aa491daee43260a53a7fc6f0", size = 505930, upload-time = "2023-11-08T13:06:09.787Z" },
    { url = "https://files.pythonhosted.org/packages/7e/92/43a3b5deffdfc342ee24b5c7b98809fc1b740a988ac522bb963259870e6d/google_re2-1.1-3-cp311-cp311-manylinux_2_24_x86_64.manylinux_2_28_x86_64.whl", hash = "sha256:cec2167dd142e583e98c783bd0d28b8cf5a9cdbe1f7407ba4163fe3ccb613cb9", size = 512654, upload-time = "2023-11-08T13:06:11.364Z" },
    { url = "https://files.pythonhosted.org/packages/8f/d9/a0336691887d48444dff32cad847fe8150550598b46ec19e596581d9f79b/google_re2-1.1-3-cp311-cp311-win32.whl", hash = "sha256:a0bc1fe96849e4eb8b726d0bba493f5b989372243b32fe20729cace02e5a214d", size = 398489, upload-time = "2023-11-08T13:06:12.995Z" },
    { url = "https://files.pythonhosted.org/packages/9d/60/75637d5aeb6829655f0bb1c05e632573f080ce40407fc67f6221a0ba552e/google_re2-1.1-3-cp311-cp311-win_amd64.whl", hash = "sha256:e6310a156db96fc5957cb007dd2feb18476898654530683897469447df73a7cd", size = 477257, upload-time = "2023-11-08T13:06:14.719Z" },
    { url = "https://files.pythonhosted.org/packages/c5/2b/1b1fbb68114a99d07d95037d2a5692879cbc7274fa39cf5d38bb9e42d1fb/google_re2-1.1-3-cp312-cp312-macosx_11_0_arm64.whl", hash = "sha256:8e63cd10ea006088b320e8c5d308da1f6c87aa95138a71c60dd7ca1c8e91927e", size = 432614, upload-time = "2023-11-08T13:06:16.618Z" },
    { url = "https://files.pythonhosted.org/packages/e1/07/e30b86a297d6e1202c859e223846f5cd4deb40cef9b64462ba4deb85d78d/google_re2-1.1-3-cp312-cp312-macosx_11_0_x86_64.whl", hash = "sha256:12b566830a334178733a85e416b1e0507dbc0ceb322827616fe51ef56c5154f1", size = 458020, upload-time = "2023-11-08T13:06:18.116Z" },
    { url = "https://files.pythonhosted.org/packages/be/2c/a3724e67904c872cb3274a748881d75cbf75bdc2ed66095478ce3b3c2558/google_re2-1.1-3-cp312-cp312-macosx_12_0_arm64.whl", hash = "sha256:442e18c9d46b225c1496919c16eafe8f8d9bb4091b00b4d3440da03c55bbf4ed", size = 426088, upload-time = "2023-11-08T13:06:19.891Z" },
    { url = "https://files.pythonhosted.org/packages/a6/4b/4508b16ddf4101f73552a97a60f2fefef0e809183f42d2a94c64a6e6f39a/google_re2-1.1-3-cp312-cp312-macosx_12_0_x86_64.whl", hash = "sha256:c54c00263a9c39b2dacd93e9636319af51e3cf885c080b9680a9631708326460", size = 453972, upload-time = "2023-11-08T13:06:21.743Z" },
    { url = "https://files.pythonhosted.org/packages/85/52/f923ed0ebd14511cdb8bd7399922a2e85a9ed0212a74ad9d3e1fc77cb53b/google_re2-1.1-3-cp312-cp312-macosx_13_0_arm64.whl", hash = "sha256:15a3caeeb327bc22e0c9f95eb76890fec8874cacccd2b01ff5c080ab4819bbec", size = 425886, upload-time = "2023-11-08T13:06:24.644Z" },
    { url = "https://files.pythonhosted.org/packages/6e/14/53eb152ac1d3d5fe4a66662cca2e6d96612a63af14b829f09883cac2258d/google_re2-1.1-3-cp312-cp312-macosx_13_0_x86_64.whl", hash = "sha256:59ec0d2cced77f715d41f6eafd901f6b15c11e28ba25fe0effdc1de554d78e75", size = 451258, upload-time = "2023-11-08T13:06:26.547Z" },
    { url = "https://files.pythonhosted.org/packages/33/64/01b06b00903ad41f7e9de03dedc446f29254be0f5dcd1070e79c49cbf16c/google_re2-1.1-3-cp312-cp312-manylinux2014_aarch64.manylinux_2_17_aarch64.whl", hash = "sha256:185bf0e3441aed3840590f8e42f916e2920d235eb14df2cbc2049526803d3e71", size = 516791, upload-time = "2023-11-08T13:06:28.06Z" },
    { url = "https://files.pythonhosted.org/packages/da/09/f7c2c910812206b0791d56148083a2badc9375090eabd91ff97fe81e94b6/google_re2-1.1-3-cp312-cp312-manylinux2014_x86_64.manylinux_2_17_x86_64.whl", hash = "sha256:586d3f2014eea5be14d8de53374d9b79fa99689160e00efa64b5fe93af326087", size = 520137, upload-time = "2023-11-08T13:06:29.684Z" },
    { url = "https://files.pythonhosted.org/packages/8f/31/041f5b590b0ac6998845faabafdd90e6cd9deb5d18bdb81186d12668940b/google_re2-1.1-3-cp312-cp312-manylinux_2_24_aarch64.manylinux_2_28_aarch64.whl", hash = "sha256:cc2575082de4ffd234d9607f3ae67ca22b15a1a88793240e2045f3b3a36a5795", size = 503105, upload-time = "2023-11-08T13:06:31.193Z" },
    { url = "https://files.pythonhosted.org/packages/83/62/bf58174317fdaaadabda0b2d70f7aa847b411d71e7e682dd29c5f83bcac8/google_re2-1.1-3-cp312-cp312-manylinux_2_24_x86_64.manylinux_2_28_x86_64.whl", hash = "sha256:59c5ad438eddb3630def394456091284d7bbc5b89351987f94f3792d296d1f96", size = 511019, upload-time = "2023-11-08T13:06:33.244Z" },
    { url = "https://files.pythonhosted.org/packages/3c/e9/7cc855d7523e14da014d0e4a4e1657ef07c12cad605beb71a9f949154da6/google_re2-1.1-3-cp312-cp312-win32.whl", hash = "sha256:5b9878c53f2bf16f75bf71d4ddd57f6611351408d5821040e91c53ebdf82c373", size = 397875, upload-time = "2023-11-08T13:06:34.766Z" },
    { url = "https://files.pythonhosted.org/packages/09/62/539183181bf34f6560ec71d7217f5de1b66137c1d1ca78b7bc4a3ce404c2/google_re2-1.1-3-cp312-cp312-win_amd64.whl", hash = "sha256:4fdecfeb213110d0a85bad335a8e7cdb59fea7de81a4fe659233f487171980f9", size = 476617, upload-time = "2023-11-08T13:06:36.228Z" },
    { url = "https://files.pythonhosted.org/packages/40/49/8cc994fad269569412353c5c3c2125969531e35149cf30bb9eae5f764dec/google_re2-1.1-4-cp311-cp311-macosx_12_0_arm64.whl", hash = "sha256:854818fd4ce79787aca5ba459d6e5abe4ca9be2c684a5b06a7f1757452ca3708", size = 431093, upload-time = "2024-01-31T13:51:59.565Z" },
    { url = "https://files.pythonhosted.org/packages/6a/89/7994a9744270c8465484e4ac02b7aa2b18a3e662490452baeaccea46dbb8/google_re2-1.1-4-cp311-cp311-macosx_12_0_x86_64.whl", hash = "sha256:4ceef51174b6f653b6659a8fdaa9c38960c5228b44b25be2a3bcd8566827554f", size = 455582, upload-time = "2024-01-31T13:52:01.116Z" },
    { url = "https://files.pythonhosted.org/packages/fe/9b/73920ab31b58b5f69b068d6aa9d83685d891b6cdf17cea2e891d15ad9cf8/google_re2-1.1-4-cp311-cp311-macosx_13_0_arm64.whl", hash = "sha256:ee49087c3db7e6f5238105ab5299c09e9b77516fe8cfb0a37e5f1e813d76ecb8", size = 427064, upload-time = "2024-01-31T13:52:03.045Z" },
    { url = "https://files.pythonhosted.org/packages/a0/ea/e2a8cf396213498ce53f6049b645b64d9fae5811343cb79cb26443b12163/google_re2-1.1-4-cp311-cp311-macosx_13_0_x86_64.whl", hash = "sha256:dc2312854bdc01410acc5d935f1906a49cb1f28980341c20a68797ad89d8e178", size = 451816, upload-time = "2024-01-31T13:52:04.547Z" },
    { url = "https://files.pythonhosted.org/packages/25/a3/348d3dfc2f16e31c285001caf75ab0c8a7310a97d823519a1c0cd139befb/google_re2-1.1-4-cp311-cp311-macosx_14_0_arm64.whl", hash = "sha256:0dc0d2e42296fa84a3cb3e1bd667c6969389cd5cdf0786e6b1f911ae2d75375b", size = 427709, upload-time = "2024-01-31T13:52:05.819Z" },
    { url = "https://files.pythonhosted.org/packages/7d/6c/5853036bf2fd516b658048acda105cf28f79cd928cf48ebdee997d701b88/google_re2-1.1-4-cp311-cp311-macosx_14_0_x86_64.whl", hash = "sha256:6bf04ced98453b035f84320f348f67578024f44d2997498def149054eb860ae8", size = 455482, upload-time = "2024-01-31T13:52:07.861Z" },
    { url = "https://files.pythonhosted.org/packages/b9/11/25fa0b02023226018810ec4687a76521edf5b62d1e30319c984ec7f52adb/google_re2-1.1-4-cp311-cp311-manylinux_2_24_aarch64.manylinux_2_28_aarch64.whl", hash = "sha256:1d6b6ef11dc4ab322fa66c2f3561925f2b5372a879c3ed764d20e939e2fd3e5f", size = 510704, upload-time = "2024-01-31T13:52:09.217Z" },
    { url = "https://files.pythonhosted.org/packages/f5/0c/c8862f69319c042abf6430ca4fb3ffa91b1552f61eb5fe81d502650d0e4e/google_re2-1.1-4-cp311-cp311-manylinux_2_24_x86_64.manylinux_2_28_x86_64.whl", hash = "sha256:0dcde6646fa9a97fd3692b3f6ae7daf7f3277d7500b6c253badeefa11db8956a", size = 516209, upload-time = "2024-01-31T13:52:10.577Z" },
    { url = "https://files.pythonhosted.org/packages/44/88/413f6fc1143617918522a4ee8f1e1c0549b1e234cf8bab5f5392b5128247/google_re2-1.1-4-cp311-cp311-win32.whl", hash = "sha256:5f4f0229deb057348893574d5b0a96d055abebac6debf29d95b0c0e26524c9f6", size = 401986, upload-time = "2024-01-31T13:52:12.142Z" },
    { url = "https://files.pythonhosted.org/packages/33/2b/9f0de3cedd0b24e56a41ed0a5c523c4d9396222c9693689773f2de0b1d71/google_re2-1.1-4-cp311-cp311-win_amd64.whl", hash = "sha256:4713ddbe48a18875270b36a462b0eada5e84d6826f8df7edd328d8706b6f9d07", size = 479335, upload-time = "2024-01-31T13:52:13.741Z" },
    { url = "https://files.pythonhosted.org/packages/a4/a1/1d4a3e1c06518c501b182a8fc7da33727e18af3f8bb5173e715715fe13ff/google_re2-1.1-4-cp312-cp312-macosx_12_0_arm64.whl", hash = "sha256:40a698300b8faddbb325662973f839489c89b960087060bd389c376828978a04", size = 431083, upload-time = "2024-01-31T13:52:15.13Z" },
    { url = "https://files.pythonhosted.org/packages/16/15/d384d738a0de925ad4456e3e585c93b551e9df50da4ace42a927d54fca02/google_re2-1.1-4-cp312-cp312-macosx_12_0_x86_64.whl", hash = "sha256:103d2d7ac92ba23911a151fd1fc7035cbf6dc92a7f6aea92270ebceb5cd5acd3", size = 456442, upload-time = "2024-01-31T13:52:17.172Z" },
    { url = "https://files.pythonhosted.org/packages/c1/c7/0c770456ea7f171472605d3e145233d5070c68d009170598aad4a7ed6fc5/google_re2-1.1-4-cp312-cp312-macosx_13_0_arm64.whl", hash = "sha256:51fb7182bccab05e8258a2b6a63dda1a6b4a9e8dfb9b03ec50e50c49c2827dd4", size = 428328, upload-time = "2024-01-31T13:52:18.63Z" },
    { url = "https://files.pythonhosted.org/packages/9e/8f/bfbed30a09292cc915bf29bb5d6bbd6481b13332eb334f220e85534da494/google_re2-1.1-4-cp312-cp312-macosx_13_0_x86_64.whl", hash = "sha256:65383022abd63d7b620221eba7935132b53244b8b463d8fdce498c93cf58b7b7", size = 454307, upload-time = "2024-01-31T13:52:20.091Z" },
    { url = "https://files.pythonhosted.org/packages/c2/82/161ebf5e12f7890fc989a109be62cb1733b02ab6c891ee82bf9673a1f7d5/google_re2-1.1-4-cp312-cp312-macosx_14_0_arm64.whl", hash = "sha256:396281fc68a9337157b3ffcd9392c6b7fcb8aab43e5bdab496262a81d56a4ecc", size = 429193, upload-time = "2024-01-31T13:52:21.973Z" },
    { url = "https://files.pythonhosted.org/packages/eb/4e/268b9e2aadd966b67c31b607439d2594c7bb3e1cff12684a7e0e3201763f/google_re2-1.1-4-cp312-cp312-macosx_14_0_x86_64.whl", hash = "sha256:8198adcfcff1c680e052044124621730fc48d08005f90a75487f5651f1ebfce2", size = 457475, upload-time = "2024-01-31T13:52:23.47Z" },
    { url = "https://files.pythonhosted.org/packages/f4/79/d6345aef87d2226e4ee5b58eff22afb1364475b34dd2ec5dbd7a27a8692c/google_re2-1.1-4-cp312-cp312-manylinux_2_24_aarch64.manylinux_2_28_aarch64.whl", hash = "sha256:81f7bff07c448aec4db9ca453d2126ece8710dbd9278b8bb09642045d3402a96", size = 507759, upload-time = "2024-01-31T13:52:25.11Z" },
    { url = "https://files.pythonhosted.org/packages/c2/e2/327cad5587842dde3dd4fdeb5813f18823825d9e4a0bcbe185f74c8280aa/google_re2-1.1-4-cp312-cp312-manylinux_2_24_x86_64.manylinux_2_28_x86_64.whl", hash = "sha256:b7dacf730fd7d6ec71b11d6404b0b26e230814bfc8e9bb0d3f13bec9b5531f8d", size = 514439, upload-time = "2024-01-31T13:52:26.951Z" },
    { url = "https://files.pythonhosted.org/packages/f2/6e/31e44fd8277bb32817a16e67c14b5f3d3108acc675b133938bfea5fda38b/google_re2-1.1-4-cp312-cp312-win32.whl", hash = "sha256:8c764f62f4b1d89d1ef264853b6dd9fee14a89e9b86a81bc2157fe3531425eb4", size = 400937, upload-time = "2024-01-31T13:52:28.922Z" },
    { url = "https://files.pythonhosted.org/packages/66/50/bc1c2de07f9a88b454e5949a63829c34c235e2b130184c7fb2acde88aca7/google_re2-1.1-4-cp312-cp312-win_amd64.whl", hash = "sha256:0be2666df4bc5381a5d693585f9bbfefb0bfd3c07530d7e403f181f5de47254a", size = 478573, upload-time = "2024-01-31T13:52:30.422Z" },
    { url = "https://files.pythonhosted.org/packages/c4/dd/428f64973cb2f3022eaf1f80bf756760bfa371908b446148a02451921096/google_re2-1.1-5-cp311-cp311-macosx_12_0_arm64.whl", hash = "sha256:5b5ea68d54890c9edb1b930dcb2658819354e5d3f2201f811798bbc0a142c2b4", size = 431083, upload-time = "2024-02-29T13:34:16.544Z" },
    { url = "https://files.pythonhosted.org/packages/bd/af/7e138cbc5df6b3a5099b7b99e84a297c926483861f1f1480ffa8a7905619/google_re2-1.1-5-cp311-cp311-macosx_12_0_x86_64.whl", hash = "sha256:33443511b6b83c35242370908efe2e8e1e7cae749c766b2b247bf30e8616066c", size = 455487, upload-time = "2024-02-29T13:34:18.335Z" },
    { url = "https://files.pythonhosted.org/packages/cc/0f/94752cdfdc8b862c63519e5dbb13f9fd1eabb45c131c5f337aa5fd429ed5/google_re2-1.1-5-cp311-cp311-macosx_13_0_arm64.whl", hash = "sha256:413d77bdd5ba0bfcada428b4c146e87707452ec50a4091ec8e8ba1413d7e0619", size = 427304, upload-time = "2024-02-29T13:34:20.12Z" },
    { url = "https://files.pythonhosted.org/packages/ae/0b/47c2542c34b28c0637e93fb334aee8ede68af6f63b95ba90b8e44e8b0155/google_re2-1.1-5-cp311-cp311-macosx_13_0_x86_64.whl", hash = "sha256:5171686e43304996a34baa2abcee6f28b169806d0e583c16d55e5656b092a414", size = 455131, upload-time = "2024-02-29T13:34:22.315Z" },
    { url = "https://files.pythonhosted.org/packages/85/c7/f97fbd6f559f315c10c6231e34ee898680132357681472abdf05a96a475d/google_re2-1.1-5-cp311-cp311-macosx_14_0_arm64.whl", hash = "sha256:3b284db130283771558e31a02d8eb8fb756156ab98ce80035ae2e9e3a5f307c4", size = 427304, upload-time = "2024-02-29T13:34:23.869Z" },
    { url = "https://files.pythonhosted.org/packages/be/0a/f2226d687d169c626f2515efd9ea1d6b8864cde3eee77c68deac2aa5dcc1/google_re2-1.1-5-cp311-cp311-macosx_14_0_x86_64.whl", hash = "sha256:296e6aed0b169648dc4b870ff47bd34c702a32600adb9926154569ef51033f47", size = 455129, upload-time = "2024-02-29T13:34:26.124Z" },
    { url = "https://files.pythonhosted.org/packages/f9/c8/87bca541319fc6e54103159f6a63490222ca1eea92e1909c8e30aa055567/google_re2-1.1-5-cp311-cp311-manylinux_2_24_aarch64.manylinux_2_28_aarch64.whl", hash = "sha256:38d50e68ead374160b1e656bbb5d101f0b95fb4cc57f4a5c12100155001480c5", size = 510980, upload-time = "2024-02-29T13:34:28.276Z" },
    { url = "https://files.pythonhosted.org/packages/90/74/db33c397f46564a228093190e485df8d24abf3c7b53a8560063517bebc0e/google_re2-1.1-5-cp311-cp311-manylinux_2_24_x86_64.manylinux_2_28_x86_64.whl", hash = "sha256:2a0416a35921e5041758948bcb882456916f22845f66a93bc25070ef7262b72a", size = 516403, upload-time = "2024-02-29T13:34:30.648Z" },
    { url = "https://files.pythonhosted.org/packages/12/d3/515ce074aac4f35832a9129c77805cb6ac03b0b3041cc9bbb48d6a2d8db9/google_re2-1.1-5-cp311-cp311-win32.whl", hash = "sha256:a1d59568bbb5de5dd56dd6cdc79907db26cce63eb4429260300c65f43469e3e7", size = 402632, upload-time = "2024-02-29T13:34:32.273Z" },
    { url = "https://files.pythonhosted.org/packages/50/d9/2df69714004ff7912bfe9329e9c9ed0951c253717bce734a0937fdda6d28/google_re2-1.1-5-cp311-cp311-win_amd64.whl", hash = "sha256:72f5a2f179648b8358737b2b493549370debd7d389884a54d331619b285514e3", size = 479567, upload-time = "2024-02-29T13:34:34.531Z" },
    { url = "https://files.pythonhosted.org/packages/07/56/fb650ba8c1aab97331cb60c81f4938d93833e2ea0bd864bb3e7b7bd546c0/google_re2-1.1-5-cp312-cp312-macosx_12_0_arm64.whl", hash = "sha256:cbc72c45937b1dc5acac3560eb1720007dccca7c9879138ff874c7f6baf96005", size = 431106, upload-time = "2024-02-29T13:34:36.094Z" },
    { url = "https://files.pythonhosted.org/packages/b3/7a/902e4be9ab4fc5a10032d247aabc62e6976cce3f5f066d1c25100267d6be/google_re2-1.1-5-cp312-cp312-macosx_12_0_x86_64.whl", hash = "sha256:5fadd1417fbef7235fa9453dba4eb102e6e7d94b1e4c99d5fa3dd4e288d0d2ae", size = 456409, upload-time = "2024-02-29T13:34:37.689Z" },
    { url = "https://files.pythonhosted.org/packages/77/f7/a6567e3c052d401b3c681dd1cac91b2fee55703c3f986f682e222a76a82c/google_re2-1.1-5-cp312-cp312-macosx_13_0_arm64.whl", hash = "sha256:040f85c63cc02696485b59b187a5ef044abe2f99b92b4fb399de40b7d2904ccc", size = 428626, upload-time = "2024-02-29T13:34:39.522Z" },
    { url = "https://files.pythonhosted.org/packages/22/d7/481c427f928f348bbf85f603b04fd3e270271485c0976b0fa4363061e262/google_re2-1.1-5-cp312-cp312-macosx_13_0_x86_64.whl", hash = "sha256:64e3b975ee6d9bbb2420494e41f929c1a0de4bcc16d86619ab7a87f6ea80d6bd", size = 457042, upload-time = "2024-02-29T13:34:41.175Z" },
    { url = "https://files.pythonhosted.org/packages/b2/2a/09d8aeca2197434f8f851bb43783192b98a3a50fa189efb8297644a663e9/google_re2-1.1-5-cp312-cp312-macosx_14_0_arm64.whl", hash = "sha256:8ee370413e00f4d828eaed0e83b8af84d7a72e8ee4f4bd5d3078bc741dfc430a", size = 428624, upload-time = "2024-02-29T13:34:43.41Z" },
    { url = "https://files.pythonhosted.org/packages/63/c5/02833291d361c25acb616219f267f34f77cb61013e9eb26eb85082b949d3/google_re2-1.1-5-cp312-cp312-macosx_14_0_x86_64.whl", hash = "sha256:5b89383001079323f693ba592d7aad789d7a02e75adb5d3368d92b300f5963fd", size = 457040, upload-time = "2024-02-29T13:34:46.349Z" },
    { url = "https://files.pythonhosted.org/packages/8f/8b/956a1e8ca0e0022cbbb88486b1498eec29df2d8b83eb8c9a89d2c15d30da/google_re2-1.1-5-cp312-cp312-manylinux_2_24_aarch64.manylinux_2_28_aarch64.whl", hash = "sha256:63cb4fdfbbda16ae31b41a6388ea621510db82feb8217a74bf36552ecfcd50ad", size = 507946, upload-time = "2024-02-29T13:34:48.853Z" },
    { url = "https://files.pythonhosted.org/packages/0a/5b/9f7d68dd4c6be5490fe1354e953926186f79bb222aa9cf947b5ffa2cb1b6/google_re2-1.1-5-cp312-cp312-manylinux_2_24_x86_64.manylinux_2_28_x86_64.whl", hash = "sha256:9ebedd84ae8be10b7a71a16162376fd67a2386fe6361ef88c622dcf7fd679daf", size = 514616, upload-time = "2024-02-29T13:34:50.471Z" },
    { url = "https://files.pythonhosted.org/packages/d4/a5/8f415cd51ad387012f66748954529a8b669bbc3d72a83b36785945c0837d/google_re2-1.1-5-cp312-cp312-win32.whl", hash = "sha256:c8e22d1692bc2c81173330c721aff53e47ffd3c4403ff0cd9d91adfd255dd150", size = 401695, upload-time = "2024-02-29T13:34:53.635Z" },
    { url = "https://files.pythonhosted.org/packages/3b/ba/a99ee755b355b81d35ecc591701e8c1edc3867beda6958a019bb9e9dfc94/google_re2-1.1-5-cp312-cp312-win_amd64.whl", hash = "sha256:5197a6af438bb8c4abda0bbe9c4fbd6c27c159855b211098b29d51b73e4cbcf6", size = 478659, upload-time = "2024-02-29T13:34:55.502Z" },
    { url = "https://files.pythonhosted.org/packages/85/0f/c4a1f7c88351057c264c28ac5ab0fa64cd000097350869b83e87859810a1/google_re2-1.1-6-cp311-cp311-macosx_12_0_arm64.whl", hash = "sha256:b26b869d8aa1d8fe67c42836bf3416bb72f444528ee2431cfb59c0d3e02c6ce3", size = 433614, upload-time = "2024-03-31T13:45:32.999Z" },
    { url = "https://files.pythonhosted.org/packages/d4/73/8efe77d31c89be6f51de0eeae980967ef1740033024b9ac575bbe5f79dfd/google_re2-1.1-6-cp311-cp311-macosx_12_0_x86_64.whl", hash = "sha256:41fd4486c57dea4f222a6bb7f1ff79accf76676a73bdb8da0fcbd5ba73f8da71", size = 456747, upload-time = "2024-03-31T13:45:34.867Z" },
    { url = "https://files.pythonhosted.org/packages/b9/31/ada483277b751760a4e889404a85e5cb0435c8a51d23bfc050f1e70d2f41/google_re2-1.1-6-cp311-cp311-macosx_13_0_arm64.whl", hash = "sha256:0ee378e2e74e25960070c338c28192377c4dd41e7f4608f2688064bd2badc41e", size = 428694, upload-time = "2024-03-31T13:45:37.198Z" },
    { url = "https://files.pythonhosted.org/packages/a1/90/f6a5cd15eb02e8cb5bba23485c185076e4f81edbbd539609f3d52770de0b/google_re2-1.1-6-cp311-cp311-macosx_13_0_x86_64.whl", hash = "sha256:a00cdbf662693367b36d075b29feb649fd7ee1b617cf84f85f2deebeda25fc64", size = 456375, upload-time = "2024-03-31T13:45:39.278Z" },
    { url = "https://files.pythonhosted.org/packages/a2/39/f5314d1ec0364f8fd99246d055812e581e6e90cde0f748c2904e4ab51ece/google_re2-1.1-6-cp311-cp311-macosx_14_0_arm64.whl", hash = "sha256:4c09455014217a41499432b8c8f792f25f3df0ea2982203c3a8c8ca0e7895e69", size = 428697, upload-time = "2024-03-31T13:45:41.57Z" },
    { url = "https://files.pythonhosted.org/packages/82/d0/ddefe66ac34253492865861d571a01e60886c7d70e30499c947d12aab1e2/google_re2-1.1-6-cp311-cp311-macosx_14_0_x86_64.whl", hash = "sha256:6501717909185327935c7945e23bb5aa8fc7b6f237b45fe3647fa36148662158", size = 456372, upload-time = "2024-03-31T13:45:43.415Z" },
    { url = "https://files.pythonhosted.org/packages/fe/08/6b2b057894195d1500dd5920df4e76b750defb22e7e68b4446a29fa7dd2a/google_re2-1.1-6-cp311-cp311-manylinux_2_24_aarch64.manylinux_2_28_aarch64.whl", hash = "sha256:3510b04790355f199e7861c29234081900e1e1cbf2d1484da48aa0ba6d7356ab", size = 513354, upload-time = "2024-03-31T13:45:45.298Z" },
    { url = "https://files.pythonhosted.org/packages/08/60/7abc32329f15796c3259b8fd6d8866ce2c9f5f24d6a90f14393470e0e875/google_re2-1.1-6-cp311-cp311-manylinux_2_24_x86_64.manylinux_2_28_x86_64.whl", hash = "sha256:8c0e64c187ca406764f9e9ad6e750d62e69ed8f75bf2e865d0bfbc03b642361c", size = 518021, upload-time = "2024-03-31T13:45:47.152Z" },
    { url = "https://files.pythonhosted.org/packages/36/ea/8e2a6ca248dd505ee4aa6b0eb75033d84aa11b95d3ddbd45383e9d8e5001/google_re2-1.1-6-cp311-cp311-win32.whl", hash = "sha256:2a199132350542b0de0f31acbb3ca87c3a90895d1d6e5235f7792bb0af02e523", size = 403397, upload-time = "2024-03-31T13:45:49.424Z" },
    { url = "https://files.pythonhosted.org/packages/ed/d6/3594f8577c493ba6421c911f5913947f5a890fd0dc2071b8c68abc1e1927/google_re2-1.1-6-cp311-cp311-win_amd64.whl", hash = "sha256:83bdac8ceaece8a6db082ea3a8ba6a99a2a1ee7e9f01a9d6d50f79c6f251a01d", size = 480576, upload-time = "2024-03-31T13:45:51.146Z" },
    { url = "https://files.pythonhosted.org/packages/89/55/e9dcbb9359e9940e33e0e4f161754059b5339eab25654a4b51001f88ecd2/google_re2-1.1-6-cp312-cp312-macosx_12_0_arm64.whl", hash = "sha256:81985ff894cd45ab5a73025922ac28c0707759db8171dd2f2cc7a0e856b6b5ad", size = 433631, upload-time = "2024-03-31T13:45:53.356Z" },
    { url = "https://files.pythonhosted.org/packages/12/0f/b8460a535fe708f5d550f5ddffad3a1168035c9b50e964a8b61ca4ed6be8/google_re2-1.1-6-cp312-cp312-macosx_12_0_x86_64.whl", hash = "sha256:5635af26065e6b45456ccbea08674ae2ab62494008d9202df628df3b267bc095", size = 457480, upload-time = "2024-03-31T13:45:55.797Z" },
    { url = "https://files.pythonhosted.org/packages/f2/6d/dccf2c8d2eed061706535059dadd2bc8b46ea29f0a919fa151d732c277ee/google_re2-1.1-6-cp312-cp312-macosx_13_0_arm64.whl", hash = "sha256:813b6f04de79f4a8fdfe05e2cb33e0ccb40fe75d30ba441d519168f9d958bd54", size = 430114, upload-time = "2024-03-31T13:45:58.14Z" },
    { url = "https://files.pythonhosted.org/packages/77/e5/04705abf15b445fe914be78b926d30e665c8cd1576b7c86fc8b7524d4d05/google_re2-1.1-6-cp312-cp312-macosx_13_0_x86_64.whl", hash = "sha256:5ec2f5332ad4fd232c3f2d6748c2c7845ccb66156a87df73abcc07f895d62ead", size = 458329, upload-time = "2024-03-31T13:46:00.53Z" },
    { url = "https://files.pythonhosted.org/packages/11/cd/65fb61ccb2ac56b50e6c72042061bb6766985027c6e7a1f08dda1245b821/google_re2-1.1-6-cp312-cp312-macosx_14_0_arm64.whl", hash = "sha256:5a687b3b32a6cbb731647393b7c4e3fde244aa557f647df124ff83fb9b93e170", size = 430109, upload-time = "2024-03-31T13:46:02.534Z" },
    { url = "https://files.pythonhosted.org/packages/bd/dd/9f96610ec4a798f0cdee57782e9b8b67e8b03ae44065c6186432fa970237/google_re2-1.1-6-cp312-cp312-macosx_14_0_x86_64.whl", hash = "sha256:39a62f9b3db5d3021a09a47f5b91708b64a0580193e5352751eb0c689e4ad3d7", size = 458330, upload-time = "2024-03-31T13:46:05.267Z" },
    { url = "https://files.pythonhosted.org/packages/d4/90/42cc555ee37abbc36a5f5f9c34aed8b0f6864a2ac82524dfe5625f28729c/google_re2-1.1-6-cp312-cp312-manylinux_2_24_aarch64.manylinux_2_28_aarch64.whl", hash = "sha256:ca0f0b45d4a1709cbf5d21f355e5809ac238f1ee594625a1e5ffa9ff7a09eb2b", size = 509878, upload-time = "2024-03-31T13:46:07.611Z" },
    { url = "https://files.pythonhosted.org/packages/8d/bf/854bc3c5322a8477f7dfaa9b76cc92a4970920689967b5a09d54dd7575f8/google_re2-1.1-6-cp312-cp312-manylinux_2_24_x86_64.manylinux_2_28_x86_64.whl", hash = "sha256:a64b3796a7a616c7861247bd061c9a836b5caf0d5963e5ea8022125601cf7b09", size = 516181, upload-time = "2024-03-31T13:46:09.48Z" },
    { url = "https://files.pythonhosted.org/packages/c2/e8/829c65c9935afd3081c0feded606e0c140008980452e5a478415174ac668/google_re2-1.1-6-cp312-cp312-win32.whl", hash = "sha256:32783b9cb88469ba4cd9472d459fe4865280a6b1acdad4480a7b5081144c4eb7", size = 402486, upload-time = "2024-03-31T13:46:11.886Z" },
    { url = "https://files.pythonhosted.org/packages/37/14/564a590e8ab8b37807b5fea6ecf9aed06feed14fb6b4e3062e397690b8c5/google_re2-1.1-6-cp312-cp312-win_amd64.whl", hash = "sha256:259ff3fd2d39035b9cbcbf375995f83fa5d9e6a0c5b94406ff1cc168ed41d6c6", size = 479550, upload-time = "2024-03-31T13:46:13.73Z" },
]

[[package]]
name = "thueplusplus"
version = "0.1.0"
source = { virtual = "." }
dependencies = [
    { name = "google-re2" },
]

[package.metadata]
requires-dist = [{ name = "google-re2", specifier = "==1.1" }]
